
Microsoft Visual Studio Solution File, Format Version 12.00
# Visual Studio Version 16
VisualStudioVersion = 16.0.28822.285
MinimumVisualStudioVersion = 10.0.40219.1
Project("{FAE04EC0-301F-11D3-BF4B-00C04F79EFBC}") = "ConsoleApp1", "ConsoleApp1.csproj", "{629F079B-B79A-4F58-A9C0-E830FA3650EB}"
EndProject
Global
	GlobalSection(SolutionConfigurationPlatforms) = preSolution
		Debug|Any CPU = Debug|Any CPU
		Release|Any CPU = Release|Any CPU
	EndGlobalSection
	GlobalSection(ProjectConfigurationPlatforms) = postSolution
		{629F079B-B79A-4F58-A9C0-E830FA3650EB}.Debug|Any CPU.ActiveCfg = Debug|Any CPU
		{629F079B-B79A-4F58-A9C0-E830FA3650EB}.Debug|Any CPU.Build.0 = Debug|Any CPU
		{629F079B-B79A-4F58-A9C0-E830FA3650EB}.Release|Any CPU.ActiveCfg = Release|Any CPU
		{629F079B-B79A-4F58-A9C0-E830FA3650EB}.Release|Any CPU.Build.0 = Release|Any CPU
	EndGlobalSection
	GlobalSection(SolutionProperties) = preSolution
		HideSolutionNode = FALSE
	EndGlobalSection
	GlobalSection(ExtensibilityGlobals) = postSolution
		SolutionGuid = {35FAA18D-01AE-4528-B8A8-792130A35D4D}
	EndGlobalSection
EndGlobal
